
Microsoft Visual Studio Solution File, Format Version 12.00
# Visual Studio Version 17
VisualStudioVersion = 17.6.33829.357
MinimumVisualStudioVersion = 10.0.40219.1
Project("{FAE04EC0-301F-11D3-BF4B-00C04F79EFBC}") = "BasicCalculator", "BasicCalculator\BasicCalculator.csproj", "{5419BABE-0477-41CF-8EB5-15A29C84DE7A}"
EndProject
Project("{FAE04EC0-301F-11D3-BF4B-00C04F79EFBC}") = "CalculatorPrivateAssembly", "ClassLibrary2\CalculatorPrivateAssembly.csproj", "{4ACE1C7B-E18C-4E2C-8855-747EC3422CDE}"
EndProject
Global
	GlobalSection(SolutionConfigurationPlatforms) = preSolution
		Debug|Any CPU = Debug|Any CPU
		Release|Any CPU = Release|Any CPU
	EndGlobalSection
	GlobalSection(ProjectConfigurationPlatforms) = postSolution
		{5419BABE-0477-41CF-8EB5-15A29C84DE7A}.Debug|Any CPU.ActiveCfg = Debug|Any CPU
		{5419BABE-0477-41CF-8EB5-15A29C84DE7A}.Debug|Any CPU.Build.0 = Debug|Any CPU
		{5419BABE-0477-41CF-8EB5-15A29C84DE7A}.Release|Any CPU.ActiveCfg = Release|Any CPU
		{5419BABE-0477-41CF-8EB5-15A29C84DE7A}.Release|Any CPU.Build.0 = Release|Any CPU
		{4ACE1C7B-E18C-4E2C-8855-747EC3422CDE}.Debug|Any CPU.ActiveCfg = Debug|Any CPU
		{4ACE1C7B-E18C-4E2C-8855-747EC3422CDE}.Debug|Any CPU.Build.0 = Debug|Any CPU
		{4ACE1C7B-E18C-4E2C-8855-747EC3422CDE}.Release|Any CPU.ActiveCfg = Release|Any CPU
		{4ACE1C7B-E18C-4E2C-8855-747EC3422CDE}.Release|Any CPU.Build.0 = Release|Any CPU
	EndGlobalSection
	GlobalSection(SolutionProperties) = preSolution
		HideSolutionNode = FALSE
	EndGlobalSection
	GlobalSection(ExtensibilityGlobals) = postSolution
		SolutionGuid = {C4721C51-D5DA-418C-BC83-21696A3B4DEB}
	EndGlobalSection
EndGlobal
